<?xml version="1.0" encoding="utf-8"?>
<Project ToolsVersion="17.0" xmlns="http://schemas.microsoft.com/developer/msbuild/2003">
  <ItemGroup>
    <ClCompile Include="C:\Users\acer\Desktop\GrowXYZ\GrowXYZ\vendor\fmt\src\format.cc">
      <Filter>Source Files</Filter>
    </ClCompile>
    <ClCompile Include="C:\Users\acer\Desktop\GrowXYZ\GrowXYZ\vendor\fmt\src\os.cc">
      <Filter>Source Files</Filter>
    </ClCompile>
  </ItemGroup>
  <ItemGroup>
    <ClInclude Include="C:\Users\acer\Desktop\GrowXYZ\GrowXYZ\vendor\fmt\include\fmt\args.h">
      <Filter>Header Files</Filter>
    </ClInclude>
    <ClInclude Include="C:\Users\acer\Desktop\GrowXYZ\GrowXYZ\vendor\fmt\include\fmt\chrono.h">
      <Filter>Header Files</Filter>
    </ClInclude>
    <ClInclude Include="C:\Users\acer\Desktop\GrowXYZ\GrowXYZ\vendor\fmt\include\fmt\color.h">
      <Filter>Header Files</Filter>
    </ClInclude>
    <ClInclude Include="C:\Users\acer\Desktop\GrowXYZ\GrowXYZ\vendor\fmt\include\fmt\compile.h">
      <Filter>Header Files</Filter>
    </ClInclude>
    <ClInclude Include="C:\Users\acer\Desktop\GrowXYZ\GrowXYZ\vendor\fmt\include\fmt\core.h">
      <Filter>Header Files</Filter>
    </ClInclude>
    <ClInclude Include="C:\Users\acer\Desktop\GrowXYZ\GrowXYZ\vendor\fmt\include\fmt\format.h">
      <Filter>Header Files</Filter>
    </ClInclude>
    <ClInclude Include="C:\Users\acer\Desktop\GrowXYZ\GrowXYZ\vendor\fmt\include\fmt\format-inl.h">
      <Filter>Header Files</Filter>
    </ClInclude>
    <ClInclude Include="C:\Users\acer\Desktop\GrowXYZ\GrowXYZ\vendor\fmt\include\fmt\locale.h">
      <Filter>Header Files</Filter>
    </ClInclude>
    <ClInclude Include="C:\Users\acer\Desktop\GrowXYZ\GrowXYZ\vendor\fmt\include\fmt\os.h">
      <Filter>Header Files</Filter>
    </ClInclude>
    <ClInclude Include="C:\Users\acer\Desktop\GrowXYZ\GrowXYZ\vendor\fmt\include\fmt\ostream.h">
      <Filter>Header Files</Filter>
    </ClInclude>
    <ClInclude Include="C:\Users\acer\Desktop\GrowXYZ\GrowXYZ\vendor\fmt\include\fmt\printf.h">
      <Filter>Header Files</Filter>
    </ClInclude>
    <ClInclude Include="C:\Users\acer\Desktop\GrowXYZ\GrowXYZ\vendor\fmt\include\fmt\ranges.h">
      <Filter>Header Files</Filter>
    </ClInclude>
    <ClInclude Include="C:\Users\acer\Desktop\GrowXYZ\GrowXYZ\vendor\fmt\include\fmt\xchar.h">
      <Filter>Header Files</Filter>
    </ClInclude>
  </ItemGroup>
  <ItemGroup>
    <CustomBuild Include="C:\Users\acer\Desktop\GrowXYZ\GrowXYZ\vendor\fmt\CMakeLists.txt" />
  </ItemGroup>
  <ItemGroup>
    <None Include="C:\Users\acer\Desktop\GrowXYZ\GrowXYZ\vendor\fmt\README.rst" />
    <None Include="C:\Users\acer\Desktop\GrowXYZ\GrowXYZ\vendor\fmt\ChangeLog.rst" />
  </ItemGroup>
  <ItemGroup>
    <Filter Include="Header Files">
      <UniqueIdentifier>{3E34E010-12A4-3B68-94E4-54C167A254C0}</UniqueIdentifier>
    </Filter>
    <Filter Include="Source Files">
      <UniqueIdentifier>{37F2057D-E277-3EF6-9DEE-E62E59FFF2DA}</UniqueIdentifier>
    </Filter>
  </ItemGroup>
</Project>
