
Microsoft Visual Studio Solution File, Format Version 12.00
# Visual Studio Version 17
Project("{8BC9CEB8-8B4A-11D0-8D11-00A0C91BC942}") = "ALL_BUILD", "ALL_BUILD.vcxproj", "{0A3FE88F-D5A1-39F3-BA41-05DD95B23793}"
	ProjectSection(ProjectDependencies) = postProject
		{5904F4A3-851A-39BE-8BDC-B02786D16382} = {5904F4A3-851A-39BE-8BDC-B02786D16382}
		{C00ED0CA-E0B3-31A7-A509-C332B1719F94} = {C00ED0CA-E0B3-31A7-A509-C332B1719F94}
		{70B63343-0474-3E8D-A7BB-8E6D7A4054E0} = {70B63343-0474-3E8D-A7BB-8E6D7A4054E0}
		{8C901CD0-1048-30C4-AD70-82283E6AFB98} = {8C901CD0-1048-30C4-AD70-82283E6AFB98}
		{60CEA98F-D712-3176-A677-898EEFD0EC55} = {60CEA98F-D712-3176-A677-898EEFD0EC55}
		{D9FDFD72-1F63-31E4-987B-AE43176F5030} = {D9FDFD72-1F63-31E4-987B-AE43176F5030}
		{9A465D98-708C-31F0-83C5-D121FE2CCC25} = {9A465D98-708C-31F0-83C5-D121FE2CCC25}
		{0C115E9F-881C-367C-BA27-0C3950AC53FA} = {0C115E9F-881C-367C-BA27-0C3950AC53FA}
		{C6B0B049-BF33-3460-B583-A709DFE679AF} = {C6B0B049-BF33-3460-B583-A709DFE679AF}
		{48F95CA4-173C-3293-97F4-43403556B930} = {48F95CA4-173C-3293-97F4-43403556B930}
		{4FAC783A-E486-3478-9CD8-C8B10B0A1337} = {4FAC783A-E486-3478-9CD8-C8B10B0A1337}
		{B2858374-1381-3286-89FB-D2AF5052137F} = {B2858374-1381-3286-89FB-D2AF5052137F}
		{EB62C0AC-8D4C-3935-BC00-C3EEC771E414} = {EB62C0AC-8D4C-3935-BC00-C3EEC771E414}
		{CABB8311-3C42-3435-9B4B-EBAD3A5A0A58} = {CABB8311-3C42-3435-9B4B-EBAD3A5A0A58}
		{286F3536-5DD3-3B29-8527-BF8752AB4961} = {286F3536-5DD3-3B29-8527-BF8752AB4961}
		{1C5C86C5-9013-3DA0-91F0-3BF0195CCCEA} = {1C5C86C5-9013-3DA0-91F0-3BF0195CCCEA}
		{2EF15443-0576-307B-9049-1C5A236BDA5A} = {2EF15443-0576-307B-9049-1C5A236BDA5A}
		{07629BA5-A092-36A9-B2B6-9CE55B4EE0B2} = {07629BA5-A092-36A9-B2B6-9CE55B4EE0B2}
		{E02A4414-FB72-3939-9854-E315A9C07912} = {E02A4414-FB72-3939-9854-E315A9C07912}
		{0C5EEC57-D0DC-309B-A95B-F4467F334F7F} = {0C5EEC57-D0DC-309B-A95B-F4467F334F7F}
		{CB04AE45-80A3-33FF-8FFA-E616A2FC8DA3} = {CB04AE45-80A3-33FF-8FFA-E616A2FC8DA3}
		{3ED0B721-8A58-3D98-9DA1-F7760FC657B8} = {3ED0B721-8A58-3D98-9DA1-F7760FC657B8}
		{A499E712-4B80-36CA-9273-B5B9D216B94B} = {A499E712-4B80-36CA-9273-B5B9D216B94B}
	EndProjectSection
EndProject
Project("{8BC9CEB8-8B4A-11D0-8D11-00A0C91BC942}") = "INSTALL", "INSTALL.vcxproj", "{9D3C4EC7-1D86-3C18-A428-F27644BE362D}"
	ProjectSection(ProjectDependencies) = postProject
		{0A3FE88F-D5A1-39F3-BA41-05DD95B23793} = {0A3FE88F-D5A1-39F3-BA41-05DD95B23793}
		{5904F4A3-851A-39BE-8BDC-B02786D16382} = {5904F4A3-851A-39BE-8BDC-B02786D16382}
	EndProjectSection
EndProject
Project("{8BC9CEB8-8B4A-11D0-8D11-00A0C91BC942}") = "RUN_TESTS", "RUN_TESTS.vcxproj", "{28378463-B3AD-3B53-883F-E983026C06DE}"
	ProjectSection(ProjectDependencies) = postProject
		{5904F4A3-851A-39BE-8BDC-B02786D16382} = {5904F4A3-851A-39BE-8BDC-B02786D16382}
	EndProjectSection
EndProject
Project("{8BC9CEB8-8B4A-11D0-8D11-00A0C91BC942}") = "ZERO_CHECK", "ZERO_CHECK.vcxproj", "{5904F4A3-851A-39BE-8BDC-B02786D16382}"
	ProjectSection(ProjectDependencies) = postProject
	EndProjectSection
EndProject
Project("{8BC9CEB8-8B4A-11D0-8D11-00A0C91BC942}") = "args-test", "test\args-test.vcxproj", "{C00ED0CA-E0B3-31A7-A509-C332B1719F94}"
	ProjectSection(ProjectDependencies) = postProject
		{5904F4A3-851A-39BE-8BDC-B02786D16382} = {5904F4A3-851A-39BE-8BDC-B02786D16382}
		{48F95CA4-173C-3293-97F4-43403556B930} = {48F95CA4-173C-3293-97F4-43403556B930}
		{EB62C0AC-8D4C-3935-BC00-C3EEC771E414} = {EB62C0AC-8D4C-3935-BC00-C3EEC771E414}
		{CB04AE45-80A3-33FF-8FFA-E616A2FC8DA3} = {CB04AE45-80A3-33FF-8FFA-E616A2FC8DA3}
	EndProjectSection
EndProject
Project("{8BC9CEB8-8B4A-11D0-8D11-00A0C91BC942}") = "assert-test", "test\assert-test.vcxproj", "{70B63343-0474-3E8D-A7BB-8E6D7A4054E0}"
	ProjectSection(ProjectDependencies) = postProject
		{5904F4A3-851A-39BE-8BDC-B02786D16382} = {5904F4A3-851A-39BE-8BDC-B02786D16382}
		{48F95CA4-173C-3293-97F4-43403556B930} = {48F95CA4-173C-3293-97F4-43403556B930}
		{EB62C0AC-8D4C-3935-BC00-C3EEC771E414} = {EB62C0AC-8D4C-3935-BC00-C3EEC771E414}
		{CB04AE45-80A3-33FF-8FFA-E616A2FC8DA3} = {CB04AE45-80A3-33FF-8FFA-E616A2FC8DA3}
	EndProjectSection
EndProject
Project("{8BC9CEB8-8B4A-11D0-8D11-00A0C91BC942}") = "chrono-test", "test\chrono-test.vcxproj", "{8C901CD0-1048-30C4-AD70-82283E6AFB98}"
	ProjectSection(ProjectDependencies) = postProject
		{5904F4A3-851A-39BE-8BDC-B02786D16382} = {5904F4A3-851A-39BE-8BDC-B02786D16382}
		{48F95CA4-173C-3293-97F4-43403556B930} = {48F95CA4-173C-3293-97F4-43403556B930}
		{EB62C0AC-8D4C-3935-BC00-C3EEC771E414} = {EB62C0AC-8D4C-3935-BC00-C3EEC771E414}
		{CB04AE45-80A3-33FF-8FFA-E616A2FC8DA3} = {CB04AE45-80A3-33FF-8FFA-E616A2FC8DA3}
	EndProjectSection
EndProject
Project("{8BC9CEB8-8B4A-11D0-8D11-00A0C91BC942}") = "color-test", "test\color-test.vcxproj", "{60CEA98F-D712-3176-A677-898EEFD0EC55}"
	ProjectSection(ProjectDependencies) = postProject
		{5904F4A3-851A-39BE-8BDC-B02786D16382} = {5904F4A3-851A-39BE-8BDC-B02786D16382}
		{48F95CA4-173C-3293-97F4-43403556B930} = {48F95CA4-173C-3293-97F4-43403556B930}
		{EB62C0AC-8D4C-3935-BC00-C3EEC771E414} = {EB62C0AC-8D4C-3935-BC00-C3EEC771E414}
		{CB04AE45-80A3-33FF-8FFA-E616A2FC8DA3} = {CB04AE45-80A3-33FF-8FFA-E616A2FC8DA3}
	EndProjectSection
EndProject
Project("{8BC9CEB8-8B4A-11D0-8D11-00A0C91BC942}") = "compile-fp-test", "test\compile-fp-test.vcxproj", "{D9FDFD72-1F63-31E4-987B-AE43176F5030}"
	ProjectSection(ProjectDependencies) = postProject
		{5904F4A3-851A-39BE-8BDC-B02786D16382} = {5904F4A3-851A-39BE-8BDC-B02786D16382}
		{EB62C0AC-8D4C-3935-BC00-C3EEC771E414} = {EB62C0AC-8D4C-3935-BC00-C3EEC771E414}
	EndProjectSection
EndProject
Project("{8BC9CEB8-8B4A-11D0-8D11-00A0C91BC942}") = "compile-test", "test\compile-test.vcxproj", "{9A465D98-708C-31F0-83C5-D121FE2CCC25}"
	ProjectSection(ProjectDependencies) = postProject
		{5904F4A3-851A-39BE-8BDC-B02786D16382} = {5904F4A3-851A-39BE-8BDC-B02786D16382}
		{48F95CA4-173C-3293-97F4-43403556B930} = {48F95CA4-173C-3293-97F4-43403556B930}
		{EB62C0AC-8D4C-3935-BC00-C3EEC771E414} = {EB62C0AC-8D4C-3935-BC00-C3EEC771E414}
		{CB04AE45-80A3-33FF-8FFA-E616A2FC8DA3} = {CB04AE45-80A3-33FF-8FFA-E616A2FC8DA3}
	EndProjectSection
EndProject
Project("{8BC9CEB8-8B4A-11D0-8D11-00A0C91BC942}") = "core-test", "test\core-test.vcxproj", "{0C115E9F-881C-367C-BA27-0C3950AC53FA}"
	ProjectSection(ProjectDependencies) = postProject
		{5904F4A3-851A-39BE-8BDC-B02786D16382} = {5904F4A3-851A-39BE-8BDC-B02786D16382}
		{48F95CA4-173C-3293-97F4-43403556B930} = {48F95CA4-173C-3293-97F4-43403556B930}
		{EB62C0AC-8D4C-3935-BC00-C3EEC771E414} = {EB62C0AC-8D4C-3935-BC00-C3EEC771E414}
		{CB04AE45-80A3-33FF-8FFA-E616A2FC8DA3} = {CB04AE45-80A3-33FF-8FFA-E616A2FC8DA3}
	EndProjectSection
EndProject
Project("{8BC9CEB8-8B4A-11D0-8D11-00A0C91BC942}") = "enforce-checks-test", "test\enforce-checks-test.vcxproj", "{C6B0B049-BF33-3460-B583-A709DFE679AF}"
	ProjectSection(ProjectDependencies) = postProject
		{5904F4A3-851A-39BE-8BDC-B02786D16382} = {5904F4A3-851A-39BE-8BDC-B02786D16382}
		{48F95CA4-173C-3293-97F4-43403556B930} = {48F95CA4-173C-3293-97F4-43403556B930}
		{EB62C0AC-8D4C-3935-BC00-C3EEC771E414} = {EB62C0AC-8D4C-3935-BC00-C3EEC771E414}
		{CB04AE45-80A3-33FF-8FFA-E616A2FC8DA3} = {CB04AE45-80A3-33FF-8FFA-E616A2FC8DA3}
	EndProjectSection
EndProject
Project("{8BC9CEB8-8B4A-11D0-8D11-00A0C91BC942}") = "fmt", "fmt.vcxproj", "{48F95CA4-173C-3293-97F4-43403556B930}"
	ProjectSection(ProjectDependencies) = postProject
		{5904F4A3-851A-39BE-8BDC-B02786D16382} = {5904F4A3-851A-39BE-8BDC-B02786D16382}
	EndProjectSection
EndProject
Project("{8BC9CEB8-8B4A-11D0-8D11-00A0C91BC942}") = "format-impl-test", "test\format-impl-test.vcxproj", "{4FAC783A-E486-3478-9CD8-C8B10B0A1337}"
	ProjectSection(ProjectDependencies) = postProject
		{5904F4A3-851A-39BE-8BDC-B02786D16382} = {5904F4A3-851A-39BE-8BDC-B02786D16382}
		{EB62C0AC-8D4C-3935-BC00-C3EEC771E414} = {EB62C0AC-8D4C-3935-BC00-C3EEC771E414}
	EndProjectSection
EndProject
Project("{8BC9CEB8-8B4A-11D0-8D11-00A0C91BC942}") = "format-test", "test\format-test.vcxproj", "{B2858374-1381-3286-89FB-D2AF5052137F}"
	ProjectSection(ProjectDependencies) = postProject
		{5904F4A3-851A-39BE-8BDC-B02786D16382} = {5904F4A3-851A-39BE-8BDC-B02786D16382}
		{48F95CA4-173C-3293-97F4-43403556B930} = {48F95CA4-173C-3293-97F4-43403556B930}
		{EB62C0AC-8D4C-3935-BC00-C3EEC771E414} = {EB62C0AC-8D4C-3935-BC00-C3EEC771E414}
		{CB04AE45-80A3-33FF-8FFA-E616A2FC8DA3} = {CB04AE45-80A3-33FF-8FFA-E616A2FC8DA3}
	EndProjectSection
EndProject
Project("{8BC9CEB8-8B4A-11D0-8D11-00A0C91BC942}") = "gtest", "test\gtest\gtest.vcxproj", "{EB62C0AC-8D4C-3935-BC00-C3EEC771E414}"
	ProjectSection(ProjectDependencies) = postProject
		{5904F4A3-851A-39BE-8BDC-B02786D16382} = {5904F4A3-851A-39BE-8BDC-B02786D16382}
	EndProjectSection
EndProject
Project("{8BC9CEB8-8B4A-11D0-8D11-00A0C91BC942}") = "gtest-extra-test", "test\gtest-extra-test.vcxproj", "{CABB8311-3C42-3435-9B4B-EBAD3A5A0A58}"
	ProjectSection(ProjectDependencies) = postProject
		{5904F4A3-851A-39BE-8BDC-B02786D16382} = {5904F4A3-851A-39BE-8BDC-B02786D16382}
		{48F95CA4-173C-3293-97F4-43403556B930} = {48F95CA4-173C-3293-97F4-43403556B930}
		{EB62C0AC-8D4C-3935-BC00-C3EEC771E414} = {EB62C0AC-8D4C-3935-BC00-C3EEC771E414}
		{CB04AE45-80A3-33FF-8FFA-E616A2FC8DA3} = {CB04AE45-80A3-33FF-8FFA-E616A2FC8DA3}
	EndProjectSection
EndProject
Project("{8BC9CEB8-8B4A-11D0-8D11-00A0C91BC942}") = "os-test", "test\os-test.vcxproj", "{286F3536-5DD3-3B29-8527-BF8752AB4961}"
	ProjectSection(ProjectDependencies) = postProject
		{5904F4A3-851A-39BE-8BDC-B02786D16382} = {5904F4A3-851A-39BE-8BDC-B02786D16382}
		{48F95CA4-173C-3293-97F4-43403556B930} = {48F95CA4-173C-3293-97F4-43403556B930}
		{EB62C0AC-8D4C-3935-BC00-C3EEC771E414} = {EB62C0AC-8D4C-3935-BC00-C3EEC771E414}
		{CB04AE45-80A3-33FF-8FFA-E616A2FC8DA3} = {CB04AE45-80A3-33FF-8FFA-E616A2FC8DA3}
	EndProjectSection
EndProject
Project("{8BC9CEB8-8B4A-11D0-8D11-00A0C91BC942}") = "ostream-test", "test\ostream-test.vcxproj", "{1C5C86C5-9013-3DA0-91F0-3BF0195CCCEA}"
	ProjectSection(ProjectDependencies) = postProject
		{5904F4A3-851A-39BE-8BDC-B02786D16382} = {5904F4A3-851A-39BE-8BDC-B02786D16382}
		{48F95CA4-173C-3293-97F4-43403556B930} = {48F95CA4-173C-3293-97F4-43403556B930}
		{EB62C0AC-8D4C-3935-BC00-C3EEC771E414} = {EB62C0AC-8D4C-3935-BC00-C3EEC771E414}
		{CB04AE45-80A3-33FF-8FFA-E616A2FC8DA3} = {CB04AE45-80A3-33FF-8FFA-E616A2FC8DA3}
	EndProjectSection
EndProject
Project("{8BC9CEB8-8B4A-11D0-8D11-00A0C91BC942}") = "posix-mock-test", "test\posix-mock-test.vcxproj", "{2EF15443-0576-307B-9049-1C5A236BDA5A}"
	ProjectSection(ProjectDependencies) = postProject
		{5904F4A3-851A-39BE-8BDC-B02786D16382} = {5904F4A3-851A-39BE-8BDC-B02786D16382}
		{EB62C0AC-8D4C-3935-BC00-C3EEC771E414} = {EB62C0AC-8D4C-3935-BC00-C3EEC771E414}
	EndProjectSection
EndProject
Project("{8BC9CEB8-8B4A-11D0-8D11-00A0C91BC942}") = "printf-test", "test\printf-test.vcxproj", "{07629BA5-A092-36A9-B2B6-9CE55B4EE0B2}"
	ProjectSection(ProjectDependencies) = postProject
		{5904F4A3-851A-39BE-8BDC-B02786D16382} = {5904F4A3-851A-39BE-8BDC-B02786D16382}
		{48F95CA4-173C-3293-97F4-43403556B930} = {48F95CA4-173C-3293-97F4-43403556B930}
		{EB62C0AC-8D4C-3935-BC00-C3EEC771E414} = {EB62C0AC-8D4C-3935-BC00-C3EEC771E414}
		{CB04AE45-80A3-33FF-8FFA-E616A2FC8DA3} = {CB04AE45-80A3-33FF-8FFA-E616A2FC8DA3}
	EndProjectSection
EndProject
Project("{8BC9CEB8-8B4A-11D0-8D11-00A0C91BC942}") = "ranges-test", "test\ranges-test.vcxproj", "{E02A4414-FB72-3939-9854-E315A9C07912}"
	ProjectSection(ProjectDependencies) = postProject
		{5904F4A3-851A-39BE-8BDC-B02786D16382} = {5904F4A3-851A-39BE-8BDC-B02786D16382}
		{48F95CA4-173C-3293-97F4-43403556B930} = {48F95CA4-173C-3293-97F4-43403556B930}
		{EB62C0AC-8D4C-3935-BC00-C3EEC771E414} = {EB62C0AC-8D4C-3935-BC00-C3EEC771E414}
		{CB04AE45-80A3-33FF-8FFA-E616A2FC8DA3} = {CB04AE45-80A3-33FF-8FFA-E616A2FC8DA3}
	EndProjectSection
EndProject
Project("{8BC9CEB8-8B4A-11D0-8D11-00A0C91BC942}") = "scan-test", "test\scan-test.vcxproj", "{0C5EEC57-D0DC-309B-A95B-F4467F334F7F}"
	ProjectSection(ProjectDependencies) = postProject
		{5904F4A3-851A-39BE-8BDC-B02786D16382} = {5904F4A3-851A-39BE-8BDC-B02786D16382}
		{48F95CA4-173C-3293-97F4-43403556B930} = {48F95CA4-173C-3293-97F4-43403556B930}
		{EB62C0AC-8D4C-3935-BC00-C3EEC771E414} = {EB62C0AC-8D4C-3935-BC00-C3EEC771E414}
		{CB04AE45-80A3-33FF-8FFA-E616A2FC8DA3} = {CB04AE45-80A3-33FF-8FFA-E616A2FC8DA3}
	EndProjectSection
EndProject
Project("{8BC9CEB8-8B4A-11D0-8D11-00A0C91BC942}") = "test-main", "test\test-main.vcxproj", "{CB04AE45-80A3-33FF-8FFA-E616A2FC8DA3}"
	ProjectSection(ProjectDependencies) = postProject
		{5904F4A3-851A-39BE-8BDC-B02786D16382} = {5904F4A3-851A-39BE-8BDC-B02786D16382}
		{EB62C0AC-8D4C-3935-BC00-C3EEC771E414} = {EB62C0AC-8D4C-3935-BC00-C3EEC771E414}
	EndProjectSection
EndProject
Project("{8BC9CEB8-8B4A-11D0-8D11-00A0C91BC942}") = "unicode-test", "test\unicode-test.vcxproj", "{3ED0B721-8A58-3D98-9DA1-F7760FC657B8}"
	ProjectSection(ProjectDependencies) = postProject
		{5904F4A3-851A-39BE-8BDC-B02786D16382} = {5904F4A3-851A-39BE-8BDC-B02786D16382}
		{EB62C0AC-8D4C-3935-BC00-C3EEC771E414} = {EB62C0AC-8D4C-3935-BC00-C3EEC771E414}
	EndProjectSection
EndProject
Project("{8BC9CEB8-8B4A-11D0-8D11-00A0C91BC942}") = "xchar-test", "test\xchar-test.vcxproj", "{A499E712-4B80-36CA-9273-B5B9D216B94B}"
	ProjectSection(ProjectDependencies) = postProject
		{5904F4A3-851A-39BE-8BDC-B02786D16382} = {5904F4A3-851A-39BE-8BDC-B02786D16382}
		{48F95CA4-173C-3293-97F4-43403556B930} = {48F95CA4-173C-3293-97F4-43403556B930}
		{EB62C0AC-8D4C-3935-BC00-C3EEC771E414} = {EB62C0AC-8D4C-3935-BC00-C3EEC771E414}
		{CB04AE45-80A3-33FF-8FFA-E616A2FC8DA3} = {CB04AE45-80A3-33FF-8FFA-E616A2FC8DA3}
	EndProjectSection
EndProject
Global
	GlobalSection(SolutionConfigurationPlatforms) = preSolution
		Debug|x64 = Debug|x64
		Release|x64 = Release|x64
		MinSizeRel|x64 = MinSizeRel|x64
		RelWithDebInfo|x64 = RelWithDebInfo|x64
	EndGlobalSection
	GlobalSection(ProjectConfigurationPlatforms) = postSolution
		{0A3FE88F-D5A1-39F3-BA41-05DD95B23793}.Debug|x64.ActiveCfg = Debug|x64
		{0A3FE88F-D5A1-39F3-BA41-05DD95B23793}.Debug|x64.Build.0 = Debug|x64
		{0A3FE88F-D5A1-39F3-BA41-05DD95B23793}.Release|x64.ActiveCfg = Release|x64
		{0A3FE88F-D5A1-39F3-BA41-05DD95B23793}.Release|x64.Build.0 = Release|x64
		{0A3FE88F-D5A1-39F3-BA41-05DD95B23793}.MinSizeRel|x64.ActiveCfg = MinSizeRel|x64
		{0A3FE88F-D5A1-39F3-BA41-05DD95B23793}.MinSizeRel|x64.Build.0 = MinSizeRel|x64
		{0A3FE88F-D5A1-39F3-BA41-05DD95B23793}.RelWithDebInfo|x64.ActiveCfg = RelWithDebInfo|x64
		{0A3FE88F-D5A1-39F3-BA41-05DD95B23793}.RelWithDebInfo|x64.Build.0 = RelWithDebInfo|x64
		{9D3C4EC7-1D86-3C18-A428-F27644BE362D}.Debug|x64.ActiveCfg = Debug|x64
		{9D3C4EC7-1D86-3C18-A428-F27644BE362D}.Release|x64.ActiveCfg = Release|x64
		{9D3C4EC7-1D86-3C18-A428-F27644BE362D}.MinSizeRel|x64.ActiveCfg = MinSizeRel|x64
		{9D3C4EC7-1D86-3C18-A428-F27644BE362D}.RelWithDebInfo|x64.ActiveCfg = RelWithDebInfo|x64
		{28378463-B3AD-3B53-883F-E983026C06DE}.Debug|x64.ActiveCfg = Debug|x64
		{28378463-B3AD-3B53-883F-E983026C06DE}.Release|x64.ActiveCfg = Release|x64
		{28378463-B3AD-3B53-883F-E983026C06DE}.MinSizeRel|x64.ActiveCfg = MinSizeRel|x64
		{28378463-B3AD-3B53-883F-E983026C06DE}.RelWithDebInfo|x64.ActiveCfg = RelWithDebInfo|x64
		{5904F4A3-851A-39BE-8BDC-B02786D16382}.Debug|x64.ActiveCfg = Debug|x64
		{5904F4A3-851A-39BE-8BDC-B02786D16382}.Debug|x64.Build.0 = Debug|x64
		{5904F4A3-851A-39BE-8BDC-B02786D16382}.Release|x64.ActiveCfg = Release|x64
		{5904F4A3-851A-39BE-8BDC-B02786D16382}.Release|x64.Build.0 = Release|x64
		{5904F4A3-851A-39BE-8BDC-B02786D16382}.MinSizeRel|x64.ActiveCfg = MinSizeRel|x64
		{5904F4A3-851A-39BE-8BDC-B02786D16382}.MinSizeRel|x64.Build.0 = MinSizeRel|x64
		{5904F4A3-851A-39BE-8BDC-B02786D16382}.RelWithDebInfo|x64.ActiveCfg = RelWithDebInfo|x64
		{5904F4A3-851A-39BE-8BDC-B02786D16382}.RelWithDebInfo|x64.Build.0 = RelWithDebInfo|x64
		{C00ED0CA-E0B3-31A7-A509-C332B1719F94}.Debug|x64.ActiveCfg = Debug|x64
		{C00ED0CA-E0B3-31A7-A509-C332B1719F94}.Debug|x64.Build.0 = Debug|x64
		{C00ED0CA-E0B3-31A7-A509-C332B1719F94}.Release|x64.ActiveCfg = Release|x64
		{C00ED0CA-E0B3-31A7-A509-C332B1719F94}.Release|x64.Build.0 = Release|x64
		{C00ED0CA-E0B3-31A7-A509-C332B1719F94}.MinSizeRel|x64.ActiveCfg = MinSizeRel|x64
		{C00ED0CA-E0B3-31A7-A509-C332B1719F94}.MinSizeRel|x64.Build.0 = MinSizeRel|x64
		{C00ED0CA-E0B3-31A7-A509-C332B1719F94}.RelWithDebInfo|x64.ActiveCfg = RelWithDebInfo|x64
		{C00ED0CA-E0B3-31A7-A509-C332B1719F94}.RelWithDebInfo|x64.Build.0 = RelWithDebInfo|x64
		{70B63343-0474-3E8D-A7BB-8E6D7A4054E0}.Debug|x64.ActiveCfg = Debug|x64
		{70B63343-0474-3E8D-A7BB-8E6D7A4054E0}.Debug|x64.Build.0 = Debug|x64
		{70B63343-0474-3E8D-A7BB-8E6D7A4054E0}.Release|x64.ActiveCfg = Release|x64
		{70B63343-0474-3E8D-A7BB-8E6D7A4054E0}.Release|x64.Build.0 = Release|x64
		{70B63343-0474-3E8D-A7BB-8E6D7A4054E0}.MinSizeRel|x64.ActiveCfg = MinSizeRel|x64
		{70B63343-0474-3E8D-A7BB-8E6D7A4054E0}.MinSizeRel|x64.Build.0 = MinSizeRel|x64
		{70B63343-0474-3E8D-A7BB-8E6D7A4054E0}.RelWithDebInfo|x64.ActiveCfg = RelWithDebInfo|x64
		{70B63343-0474-3E8D-A7BB-8E6D7A4054E0}.RelWithDebInfo|x64.Build.0 = RelWithDebInfo|x64
		{8C901CD0-1048-30C4-AD70-82283E6AFB98}.Debug|x64.ActiveCfg = Debug|x64
		{8C901CD0-1048-30C4-AD70-82283E6AFB98}.Debug|x64.Build.0 = Debug|x64
		{8C901CD0-1048-30C4-AD70-82283E6AFB98}.Release|x64.ActiveCfg = Release|x64
		{8C901CD0-1048-30C4-AD70-82283E6AFB98}.Release|x64.Build.0 = Release|x64
		{8C901CD0-1048-30C4-AD70-82283E6AFB98}.MinSizeRel|x64.ActiveCfg = MinSizeRel|x64
		{8C901CD0-1048-30C4-AD70-82283E6AFB98}.MinSizeRel|x64.Build.0 = MinSizeRel|x64
		{8C901CD0-1048-30C4-AD70-82283E6AFB98}.RelWithDebInfo|x64.ActiveCfg = RelWithDebInfo|x64
		{8C901CD0-1048-30C4-AD70-82283E6AFB98}.RelWithDebInfo|x64.Build.0 = RelWithDebInfo|x64
		{60CEA98F-D712-3176-A677-898EEFD0EC55}.Debug|x64.ActiveCfg = Debug|x64
		{60CEA98F-D712-3176-A677-898EEFD0EC55}.Debug|x64.Build.0 = Debug|x64
		{60CEA98F-D712-3176-A677-898EEFD0EC55}.Release|x64.ActiveCfg = Release|x64
		{60CEA98F-D712-3176-A677-898EEFD0EC55}.Release|x64.Build.0 = Release|x64
		{60CEA98F-D712-3176-A677-898EEFD0EC55}.MinSizeRel|x64.ActiveCfg = MinSizeRel|x64
		{60CEA98F-D712-3176-A677-898EEFD0EC55}.MinSizeRel|x64.Build.0 = MinSizeRel|x64
		{60CEA98F-D712-3176-A677-898EEFD0EC55}.RelWithDebInfo|x64.ActiveCfg = RelWithDebInfo|x64
		{60CEA98F-D712-3176-A677-898EEFD0EC55}.RelWithDebInfo|x64.Build.0 = RelWithDebInfo|x64
		{D9FDFD72-1F63-31E4-987B-AE43176F5030}.Debug|x64.ActiveCfg = Debug|x64
		{D9FDFD72-1F63-31E4-987B-AE43176F5030}.Debug|x64.Build.0 = Debug|x64
		{D9FDFD72-1F63-31E4-987B-AE43176F5030}.Release|x64.ActiveCfg = Release|x64
		{D9FDFD72-1F63-31E4-987B-AE43176F5030}.Release|x64.Build.0 = Release|x64
		{D9FDFD72-1F63-31E4-987B-AE43176F5030}.MinSizeRel|x64.ActiveCfg = MinSizeRel|x64
		{D9FDFD72-1F63-31E4-987B-AE43176F5030}.MinSizeRel|x64.Build.0 = MinSizeRel|x64
		{D9FDFD72-1F63-31E4-987B-AE43176F5030}.RelWithDebInfo|x64.ActiveCfg = RelWithDebInfo|x64
		{D9FDFD72-1F63-31E4-987B-AE43176F5030}.RelWithDebInfo|x64.Build.0 = RelWithDebInfo|x64
		{9A465D98-708C-31F0-83C5-D121FE2CCC25}.Debug|x64.ActiveCfg = Debug|x64
		{9A465D98-708C-31F0-83C5-D121FE2CCC25}.Debug|x64.Build.0 = Debug|x64
		{9A465D98-708C-31F0-83C5-D121FE2CCC25}.Release|x64.ActiveCfg = Release|x64
		{9A465D98-708C-31F0-83C5-D121FE2CCC25}.Release|x64.Build.0 = Release|x64
		{9A465D98-708C-31F0-83C5-D121FE2CCC25}.MinSizeRel|x64.ActiveCfg = MinSizeRel|x64
		{9A465D98-708C-31F0-83C5-D121FE2CCC25}.MinSizeRel|x64.Build.0 = MinSizeRel|x64
		{9A465D98-708C-31F0-83C5-D121FE2CCC25}.RelWithDebInfo|x64.ActiveCfg = RelWithDebInfo|x64
		{9A465D98-708C-31F0-83C5-D121FE2CCC25}.RelWithDebInfo|x64.Build.0 = RelWithDebInfo|x64
		{0C115E9F-881C-367C-BA27-0C3950AC53FA}.Debug|x64.ActiveCfg = Debug|x64
		{0C115E9F-881C-367C-BA27-0C3950AC53FA}.Debug|x64.Build.0 = Debug|x64
		{0C115E9F-881C-367C-BA27-0C3950AC53FA}.Release|x64.ActiveCfg = Release|x64
		{0C115E9F-881C-367C-BA27-0C3950AC53FA}.Release|x64.Build.0 = Release|x64
		{0C115E9F-881C-367C-BA27-0C3950AC53FA}.MinSizeRel|x64.ActiveCfg = MinSizeRel|x64
		{0C115E9F-881C-367C-BA27-0C3950AC53FA}.MinSizeRel|x64.Build.0 = MinSizeRel|x64
		{0C115E9F-881C-367C-BA27-0C3950AC53FA}.RelWithDebInfo|x64.ActiveCfg = RelWithDebInfo|x64
		{0C115E9F-881C-367C-BA27-0C3950AC53FA}.RelWithDebInfo|x64.Build.0 = RelWithDebInfo|x64
		{C6B0B049-BF33-3460-B583-A709DFE679AF}.Debug|x64.ActiveCfg = Debug|x64
		{C6B0B049-BF33-3460-B583-A709DFE679AF}.Debug|x64.Build.0 = Debug|x64
		{C6B0B049-BF33-3460-B583-A709DFE679AF}.Release|x64.ActiveCfg = Release|x64
		{C6B0B049-BF33-3460-B583-A709DFE679AF}.Release|x64.Build.0 = Release|x64
		{C6B0B049-BF33-3460-B583-A709DFE679AF}.MinSizeRel|x64.ActiveCfg = MinSizeRel|x64
		{C6B0B049-BF33-3460-B583-A709DFE679AF}.MinSizeRel|x64.Build.0 = MinSizeRel|x64
		{C6B0B049-BF33-3460-B583-A709DFE679AF}.RelWithDebInfo|x64.ActiveCfg = RelWithDebInfo|x64
		{C6B0B049-BF33-3460-B583-A709DFE679AF}.RelWithDebInfo|x64.Build.0 = RelWithDebInfo|x64
		{48F95CA4-173C-3293-97F4-43403556B930}.Debug|x64.ActiveCfg = Debug|x64
		{48F95CA4-173C-3293-97F4-43403556B930}.Debug|x64.Build.0 = Debug|x64
		{48F95CA4-173C-3293-97F4-43403556B930}.Release|x64.ActiveCfg = Release|x64
		{48F95CA4-173C-3293-97F4-43403556B930}.Release|x64.Build.0 = Release|x64
		{48F95CA4-173C-3293-97F4-43403556B930}.MinSizeRel|x64.ActiveCfg = MinSizeRel|x64
		{48F95CA4-173C-3293-97F4-43403556B930}.MinSizeRel|x64.Build.0 = MinSizeRel|x64
		{48F95CA4-173C-3293-97F4-43403556B930}.RelWithDebInfo|x64.ActiveCfg = RelWithDebInfo|x64
		{48F95CA4-173C-3293-97F4-43403556B930}.RelWithDebInfo|x64.Build.0 = RelWithDebInfo|x64
		{4FAC783A-E486-3478-9CD8-C8B10B0A1337}.Debug|x64.ActiveCfg = Debug|x64
		{4FAC783A-E486-3478-9CD8-C8B10B0A1337}.Debug|x64.Build.0 = Debug|x64
		{4FAC783A-E486-3478-9CD8-C8B10B0A1337}.Release|x64.ActiveCfg = Release|x64
		{4FAC783A-E486-3478-9CD8-C8B10B0A1337}.Release|x64.Build.0 = Release|x64
		{4FAC783A-E486-3478-9CD8-C8B10B0A1337}.MinSizeRel|x64.ActiveCfg = MinSizeRel|x64
		{4FAC783A-E486-3478-9CD8-C8B10B0A1337}.MinSizeRel|x64.Build.0 = MinSizeRel|x64
		{4FAC783A-E486-3478-9CD8-C8B10B0A1337}.RelWithDebInfo|x64.ActiveCfg = RelWithDebInfo|x64
		{4FAC783A-E486-3478-9CD8-C8B10B0A1337}.RelWithDebInfo|x64.Build.0 = RelWithDebInfo|x64
		{B2858374-1381-3286-89FB-D2AF5052137F}.Debug|x64.ActiveCfg = Debug|x64
		{B2858374-1381-3286-89FB-D2AF5052137F}.Debug|x64.Build.0 = Debug|x64
		{B2858374-1381-3286-89FB-D2AF5052137F}.Release|x64.ActiveCfg = Release|x64
		{B2858374-1381-3286-89FB-D2AF5052137F}.Release|x64.Build.0 = Release|x64
		{B2858374-1381-3286-89FB-D2AF5052137F}.MinSizeRel|x64.ActiveCfg = MinSizeRel|x64
		{B2858374-1381-3286-89FB-D2AF5052137F}.MinSizeRel|x64.Build.0 = MinSizeRel|x64
		{B2858374-1381-3286-89FB-D2AF5052137F}.RelWithDebInfo|x64.ActiveCfg = RelWithDebInfo|x64
		{B2858374-1381-3286-89FB-D2AF5052137F}.RelWithDebInfo|x64.Build.0 = RelWithDebInfo|x64
		{EB62C0AC-8D4C-3935-BC00-C3EEC771E414}.Debug|x64.ActiveCfg = Debug|x64
		{EB62C0AC-8D4C-3935-BC00-C3EEC771E414}.Debug|x64.Build.0 = Debug|x64
		{EB62C0AC-8D4C-3935-BC00-C3EEC771E414}.Release|x64.ActiveCfg = Release|x64
		{EB62C0AC-8D4C-3935-BC00-C3EEC771E414}.Release|x64.Build.0 = Release|x64
		{EB62C0AC-8D4C-3935-BC00-C3EEC771E414}.MinSizeRel|x64.ActiveCfg = MinSizeRel|x64
		{EB62C0AC-8D4C-3935-BC00-C3EEC771E414}.MinSizeRel|x64.Build.0 = MinSizeRel|x64
		{EB62C0AC-8D4C-3935-BC00-C3EEC771E414}.RelWithDebInfo|x64.ActiveCfg = RelWithDebInfo|x64
		{EB62C0AC-8D4C-3935-BC00-C3EEC771E414}.RelWithDebInfo|x64.Build.0 = RelWithDebInfo|x64
		{CABB8311-3C42-3435-9B4B-EBAD3A5A0A58}.Debug|x64.ActiveCfg = Debug|x64
		{CABB8311-3C42-3435-9B4B-EBAD3A5A0A58}.Debug|x64.Build.0 = Debug|x64
		{CABB8311-3C42-3435-9B4B-EBAD3A5A0A58}.Release|x64.ActiveCfg = Release|x64
		{CABB8311-3C42-3435-9B4B-EBAD3A5A0A58}.Release|x64.Build.0 = Release|x64
		{CABB8311-3C42-3435-9B4B-EBAD3A5A0A58}.MinSizeRel|x64.ActiveCfg = MinSizeRel|x64
		{CABB8311-3C42-3435-9B4B-EBAD3A5A0A58}.MinSizeRel|x64.Build.0 = MinSizeRel|x64
		{CABB8311-3C42-3435-9B4B-EBAD3A5A0A58}.RelWithDebInfo|x64.ActiveCfg = RelWithDebInfo|x64
		{CABB8311-3C42-3435-9B4B-EBAD3A5A0A58}.RelWithDebInfo|x64.Build.0 = RelWithDebInfo|x64
		{286F3536-5DD3-3B29-8527-BF8752AB4961}.Debug|x64.ActiveCfg = Debug|x64
		{286F3536-5DD3-3B29-8527-BF8752AB4961}.Debug|x64.Build.0 = Debug|x64
		{286F3536-5DD3-3B29-8527-BF8752AB4961}.Release|x64.ActiveCfg = Release|x64
		{286F3536-5DD3-3B29-8527-BF8752AB4961}.Release|x64.Build.0 = Release|x64
		{286F3536-5DD3-3B29-8527-BF8752AB4961}.MinSizeRel|x64.ActiveCfg = MinSizeRel|x64
		{286F3536-5DD3-3B29-8527-BF8752AB4961}.MinSizeRel|x64.Build.0 = MinSizeRel|x64
		{286F3536-5DD3-3B29-8527-BF8752AB4961}.RelWithDebInfo|x64.ActiveCfg = RelWithDebInfo|x64
		{286F3536-5DD3-3B29-8527-BF8752AB4961}.RelWithDebInfo|x64.Build.0 = RelWithDebInfo|x64
		{1C5C86C5-9013-3DA0-91F0-3BF0195CCCEA}.Debug|x64.ActiveCfg = Debug|x64
		{1C5C86C5-9013-3DA0-91F0-3BF0195CCCEA}.Debug|x64.Build.0 = Debug|x64
		{1C5C86C5-9013-3DA0-91F0-3BF0195CCCEA}.Release|x64.ActiveCfg = Release|x64
		{1C5C86C5-9013-3DA0-91F0-3BF0195CCCEA}.Release|x64.Build.0 = Release|x64
		{1C5C86C5-9013-3DA0-91F0-3BF0195CCCEA}.MinSizeRel|x64.ActiveCfg = MinSizeRel|x64
		{1C5C86C5-9013-3DA0-91F0-3BF0195CCCEA}.MinSizeRel|x64.Build.0 = MinSizeRel|x64
		{1C5C86C5-9013-3DA0-91F0-3BF0195CCCEA}.RelWithDebInfo|x64.ActiveCfg = RelWithDebInfo|x64
		{1C5C86C5-9013-3DA0-91F0-3BF0195CCCEA}.RelWithDebInfo|x64.Build.0 = RelWithDebInfo|x64
		{2EF15443-0576-307B-9049-1C5A236BDA5A}.Debug|x64.ActiveCfg = Debug|x64
		{2EF15443-0576-307B-9049-1C5A236BDA5A}.Debug|x64.Build.0 = Debug|x64
		{2EF15443-0576-307B-9049-1C5A236BDA5A}.Release|x64.ActiveCfg = Release|x64
		{2EF15443-0576-307B-9049-1C5A236BDA5A}.Release|x64.Build.0 = Release|x64
		{2EF15443-0576-307B-9049-1C5A236BDA5A}.MinSizeRel|x64.ActiveCfg = MinSizeRel|x64
		{2EF15443-0576-307B-9049-1C5A236BDA5A}.MinSizeRel|x64.Build.0 = MinSizeRel|x64
		{2EF15443-0576-307B-9049-1C5A236BDA5A}.RelWithDebInfo|x64.ActiveCfg = RelWithDebInfo|x64
		{2EF15443-0576-307B-9049-1C5A236BDA5A}.RelWithDebInfo|x64.Build.0 = RelWithDebInfo|x64
		{07629BA5-A092-36A9-B2B6-9CE55B4EE0B2}.Debug|x64.ActiveCfg = Debug|x64
		{07629BA5-A092-36A9-B2B6-9CE55B4EE0B2}.Debug|x64.Build.0 = Debug|x64
		{07629BA5-A092-36A9-B2B6-9CE55B4EE0B2}.Release|x64.ActiveCfg = Release|x64
		{07629BA5-A092-36A9-B2B6-9CE55B4EE0B2}.Release|x64.Build.0 = Release|x64
		{07629BA5-A092-36A9-B2B6-9CE55B4EE0B2}.MinSizeRel|x64.ActiveCfg = MinSizeRel|x64
		{07629BA5-A092-36A9-B2B6-9CE55B4EE0B2}.MinSizeRel|x64.Build.0 = MinSizeRel|x64
		{07629BA5-A092-36A9-B2B6-9CE55B4EE0B2}.RelWithDebInfo|x64.ActiveCfg = RelWithDebInfo|x64
		{07629BA5-A092-36A9-B2B6-9CE55B4EE0B2}.RelWithDebInfo|x64.Build.0 = RelWithDebInfo|x64
		{E02A4414-FB72-3939-9854-E315A9C07912}.Debug|x64.ActiveCfg = Debug|x64
		{E02A4414-FB72-3939-9854-E315A9C07912}.Debug|x64.Build.0 = Debug|x64
		{E02A4414-FB72-3939-9854-E315A9C07912}.Release|x64.ActiveCfg = Release|x64
		{E02A4414-FB72-3939-9854-E315A9C07912}.Release|x64.Build.0 = Release|x64
		{E02A4414-FB72-3939-9854-E315A9C07912}.MinSizeRel|x64.ActiveCfg = MinSizeRel|x64
		{E02A4414-FB72-3939-9854-E315A9C07912}.MinSizeRel|x64.Build.0 = MinSizeRel|x64
		{E02A4414-FB72-3939-9854-E315A9C07912}.RelWithDebInfo|x64.ActiveCfg = RelWithDebInfo|x64
		{E02A4414-FB72-3939-9854-E315A9C07912}.RelWithDebInfo|x64.Build.0 = RelWithDebInfo|x64
		{0C5EEC57-D0DC-309B-A95B-F4467F334F7F}.Debug|x64.ActiveCfg = Debug|x64
		{0C5EEC57-D0DC-309B-A95B-F4467F334F7F}.Debug|x64.Build.0 = Debug|x64
		{0C5EEC57-D0DC-309B-A95B-F4467F334F7F}.Release|x64.ActiveCfg = Release|x64
		{0C5EEC57-D0DC-309B-A95B-F4467F334F7F}.Release|x64.Build.0 = Release|x64
		{0C5EEC57-D0DC-309B-A95B-F4467F334F7F}.MinSizeRel|x64.ActiveCfg = MinSizeRel|x64
		{0C5EEC57-D0DC-309B-A95B-F4467F334F7F}.MinSizeRel|x64.Build.0 = MinSizeRel|x64
		{0C5EEC57-D0DC-309B-A95B-F4467F334F7F}.RelWithDebInfo|x64.ActiveCfg = RelWithDebInfo|x64
		{0C5EEC57-D0DC-309B-A95B-F4467F334F7F}.RelWithDebInfo|x64.Build.0 = RelWithDebInfo|x64
		{CB04AE45-80A3-33FF-8FFA-E616A2FC8DA3}.Debug|x64.ActiveCfg = Debug|x64
		{CB04AE45-80A3-33FF-8FFA-E616A2FC8DA3}.Debug|x64.Build.0 = Debug|x64
		{CB04AE45-80A3-33FF-8FFA-E616A2FC8DA3}.Release|x64.ActiveCfg = Release|x64
		{CB04AE45-80A3-33FF-8FFA-E616A2FC8DA3}.Release|x64.Build.0 = Release|x64
		{CB04AE45-80A3-33FF-8FFA-E616A2FC8DA3}.MinSizeRel|x64.ActiveCfg = MinSizeRel|x64
		{CB04AE45-80A3-33FF-8FFA-E616A2FC8DA3}.MinSizeRel|x64.Build.0 = MinSizeRel|x64
		{CB04AE45-80A3-33FF-8FFA-E616A2FC8DA3}.RelWithDebInfo|x64.ActiveCfg = RelWithDebInfo|x64
		{CB04AE45-80A3-33FF-8FFA-E616A2FC8DA3}.RelWithDebInfo|x64.Build.0 = RelWithDebInfo|x64
		{3ED0B721-8A58-3D98-9DA1-F7760FC657B8}.Debug|x64.ActiveCfg = Debug|x64
		{3ED0B721-8A58-3D98-9DA1-F7760FC657B8}.Debug|x64.Build.0 = Debug|x64
		{3ED0B721-8A58-3D98-9DA1-F7760FC657B8}.Release|x64.ActiveCfg = Release|x64
		{3ED0B721-8A58-3D98-9DA1-F7760FC657B8}.Release|x64.Build.0 = Release|x64
		{3ED0B721-8A58-3D98-9DA1-F7760FC657B8}.MinSizeRel|x64.ActiveCfg = MinSizeRel|x64
		{3ED0B721-8A58-3D98-9DA1-F7760FC657B8}.MinSizeRel|x64.Build.0 = MinSizeRel|x64
		{3ED0B721-8A58-3D98-9DA1-F7760FC657B8}.RelWithDebInfo|x64.ActiveCfg = RelWithDebInfo|x64
		{3ED0B721-8A58-3D98-9DA1-F7760FC657B8}.RelWithDebInfo|x64.Build.0 = RelWithDebInfo|x64
		{A499E712-4B80-36CA-9273-B5B9D216B94B}.Debug|x64.ActiveCfg = Debug|x64
		{A499E712-4B80-36CA-9273-B5B9D216B94B}.Debug|x64.Build.0 = Debug|x64
		{A499E712-4B80-36CA-9273-B5B9D216B94B}.Release|x64.ActiveCfg = Release|x64
		{A499E712-4B80-36CA-9273-B5B9D216B94B}.Release|x64.Build.0 = Release|x64
		{A499E712-4B80-36CA-9273-B5B9D216B94B}.MinSizeRel|x64.ActiveCfg = MinSizeRel|x64
		{A499E712-4B80-36CA-9273-B5B9D216B94B}.MinSizeRel|x64.Build.0 = MinSizeRel|x64
		{A499E712-4B80-36CA-9273-B5B9D216B94B}.RelWithDebInfo|x64.ActiveCfg = RelWithDebInfo|x64
		{A499E712-4B80-36CA-9273-B5B9D216B94B}.RelWithDebInfo|x64.Build.0 = RelWithDebInfo|x64
	EndGlobalSection
	GlobalSection(ExtensibilityGlobals) = postSolution
		SolutionGuid = {1591E482-54B4-315F-A256-78C5A72341A8}
	EndGlobalSection
	GlobalSection(ExtensibilityAddIns) = postSolution
	EndGlobalSection
EndGlobal
